
Microsoft Visual Studio Solution File, Format Version 12.00
# Visual Studio Version 17
VisualStudioVersion = 17.7.34003.232
MinimumVisualStudioVersion = 10.0.40219.1
Project("{9A19103F-16F7-4668-BE54-9A1E7A4F7556}") = "Upr1", "Upr1\Upr1.csproj", "{20F01F66-169E-458E-AD3D-6D1001069F5D}"
EndProject
Project("{9A19103F-16F7-4668-BE54-9A1E7A4F7556}") = "Upr2", "Upr2\Upr2.csproj", "{B5B8DF34-5A7B-4AB5-A668-861691771DA3}"
EndProject
Project("{9A19103F-16F7-4668-BE54-9A1E7A4F7556}") = "Upr3", "Upr3\Upr3.csproj", "{D1BFE9E8-2AFF-42FE-91EA-249166BD633E}"
EndProject
Project("{9A19103F-16F7-4668-BE54-9A1E7A4F7556}") = "Upr4", "Upr4\Upr4.csproj", "{209C5AFC-6027-4258-8F95-DE5AAF075443}"
EndProject
Project("{FAE04EC0-301F-11D3-BF4B-00C04F79EFBC}") = "Upr5", "Upr5\Upr5.csproj", "{1329FD11-BD81-410C-99C7-8FC833BEFF2F}"
EndProject
Global
	GlobalSection(SolutionConfigurationPlatforms) = preSolution
		Debug|Any CPU = Debug|Any CPU
		Release|Any CPU = Release|Any CPU
	EndGlobalSection
	GlobalSection(ProjectConfigurationPlatforms) = postSolution
		{20F01F66-169E-458E-AD3D-6D1001069F5D}.Debug|Any CPU.ActiveCfg = Debug|Any CPU
		{20F01F66-169E-458E-AD3D-6D1001069F5D}.Debug|Any CPU.Build.0 = Debug|Any CPU
		{20F01F66-169E-458E-AD3D-6D1001069F5D}.Release|Any CPU.ActiveCfg = Release|Any CPU
		{20F01F66-169E-458E-AD3D-6D1001069F5D}.Release|Any CPU.Build.0 = Release|Any CPU
		{B5B8DF34-5A7B-4AB5-A668-861691771DA3}.Debug|Any CPU.ActiveCfg = Debug|Any CPU
		{B5B8DF34-5A7B-4AB5-A668-861691771DA3}.Debug|Any CPU.Build.0 = Debug|Any CPU
		{B5B8DF34-5A7B-4AB5-A668-861691771DA3}.Release|Any CPU.ActiveCfg = Release|Any CPU
		{B5B8DF34-5A7B-4AB5-A668-861691771DA3}.Release|Any CPU.Build.0 = Release|Any CPU
		{D1BFE9E8-2AFF-42FE-91EA-249166BD633E}.Debug|Any CPU.ActiveCfg = Debug|Any CPU
		{D1BFE9E8-2AFF-42FE-91EA-249166BD633E}.Debug|Any CPU.Build.0 = Debug|Any CPU
		{D1BFE9E8-2AFF-42FE-91EA-249166BD633E}.Release|Any CPU.ActiveCfg = Release|Any CPU
		{D1BFE9E8-2AFF-42FE-91EA-249166BD633E}.Release|Any CPU.Build.0 = Release|Any CPU
		{209C5AFC-6027-4258-8F95-DE5AAF075443}.Debug|Any CPU.ActiveCfg = Debug|Any CPU
		{209C5AFC-6027-4258-8F95-DE5AAF075443}.Debug|Any CPU.Build.0 = Debug|Any CPU
		{209C5AFC-6027-4258-8F95-DE5AAF075443}.Release|Any CPU.ActiveCfg = Release|Any CPU
		{209C5AFC-6027-4258-8F95-DE5AAF075443}.Release|Any CPU.Build.0 = Release|Any CPU
		{1329FD11-BD81-410C-99C7-8FC833BEFF2F}.Debug|Any CPU.ActiveCfg = Debug|Any CPU
		{1329FD11-BD81-410C-99C7-8FC833BEFF2F}.Debug|Any CPU.Build.0 = Debug|Any CPU
		{1329FD11-BD81-410C-99C7-8FC833BEFF2F}.Release|Any CPU.ActiveCfg = Release|Any CPU
		{1329FD11-BD81-410C-99C7-8FC833BEFF2F}.Release|Any CPU.Build.0 = Release|Any CPU
	EndGlobalSection
	GlobalSection(SolutionProperties) = preSolution
		HideSolutionNode = FALSE
	EndGlobalSection
	GlobalSection(ExtensibilityGlobals) = postSolution
		SolutionGuid = {0855BCD9-1209-4CBB-920F-B7C39D876116}
	EndGlobalSection
EndGlobal
